{
  "name": "@documenso/prisma",
  "version": "0.0.0",
  "lockfileVersion": 2,
  "requires": true,
  "packages": {
    "": {
      "name": "@documenso/prisma",
      "version": "0.0.0",
      "dependencies": {
        "@prisma/client": "^4.8.0",
        "prisma": "^4.8.0"
      },
      "devDependencies": {}
    },
    "node_modules/@prisma/client": {
      "version": "4.8.1",
      "resolved": "https://registry.npmjs.org/@prisma/client/-/client-4.8.1.tgz",
      "integrity": "sha512-d4xhZhETmeXK/yZ7K0KcVOzEfI5YKGGEr4F5SBV04/MU4ncN/HcE28sy3e4Yt8UFW0ZuImKFQJE+9rWt9WbGSQ==",
      "hasInstallScript": true,
      "dependencies": {
        "@prisma/engines-version": "4.8.0-61.d6e67a83f971b175a593ccc12e15c4a757f93ffe"
      },
      "engines": {
        "node": ">=14.17"
      },
      "peerDependencies": {
        "prisma": "*"
      },
      "peerDependenciesMeta": {
        "prisma": {
          "optional": true
        }
      }
    },
    "node_modules/@prisma/engines": {
      "version": "4.8.1",
      "resolved": "https://registry.npmjs.org/@prisma/engines/-/engines-4.8.1.tgz",
      "integrity": "sha512-93tctjNXcIS+i/e552IO6tqw17sX8liivv8WX9lDMCpEEe3ci+nT9F+1oHtAafqruXLepKF80i/D20Mm+ESlOw==",
      "hasInstallScript": true
    },
    "node_modules/@prisma/engines-version": {
      "version": "4.8.0-61.d6e67a83f971b175a593ccc12e15c4a757f93ffe",
      "resolved": "https://registry.npmjs.org/@prisma/engines-version/-/engines-version-4.8.0-61.d6e67a83f971b175a593ccc12e15c4a757f93ffe.tgz",
      "integrity": "sha512-MHSOSexomRMom8QN4t7bu87wPPD+pa+hW9+71JnVcF3DqyyO/ycCLhRL1we3EojRpZxKvuyGho2REQsMCvxcJw=="
    },
    "node_modules/prisma": {
      "version": "4.8.1",
      "resolved": "https://registry.npmjs.org/prisma/-/prisma-4.8.1.tgz",
      "integrity": "sha512-ZMLnSjwulIeYfaU1O6/LF6PEJzxN5par5weykxMykS9Z6ara/j76JH3Yo2AH3bgJbPN4Z6NeCK9s5fDkzf33cg==",
      "hasInstallScript": true,
      "dependencies": {
        "@prisma/engines": "4.8.1"
      },
      "bin": {
        "prisma": "build/index.js",
        "prisma2": "build/index.js"
      },
      "engines": {
        "node": ">=14.17"
      }
    }
  },
  "dependencies": {
    "@prisma/client": {
      "version": "4.8.1",
      "resolved": "https://registry.npmjs.org/@prisma/client/-/client-4.8.1.tgz",
      "integrity": "sha512-d4xhZhETmeXK/yZ7K0KcVOzEfI5YKGGEr4F5SBV04/MU4ncN/HcE28sy3e4Yt8UFW0ZuImKFQJE+9rWt9WbGSQ==",
      "requires": {
        "@prisma/engines-version": "4.8.0-61.d6e67a83f971b175a593ccc12e15c4a757f93ffe"
      }
    },
    "@prisma/engines": {
      "version": "4.8.1",
      "resolved": "https://registry.npmjs.org/@prisma/engines/-/engines-4.8.1.tgz",
      "integrity": "sha512-93tctjNXcIS+i/e552IO6tqw17sX8liivv8WX9lDMCpEEe3ci+nT9F+1oHtAafqruXLepKF80i/D20Mm+ESlOw=="
    },
    "@prisma/engines-version": {
      "version": "4.8.0-61.d6e67a83f971b175a593ccc12e15c4a757f93ffe",
      "resolved": "https://registry.npmjs.org/@prisma/engines-version/-/engines-version-4.8.0-61.d6e67a83f971b175a593ccc12e15c4a757f93ffe.tgz",
      "integrity": "sha512-MHSOSexomRMom8QN4t7bu87wPPD+pa+hW9+71JnVcF3DqyyO/ycCLhRL1we3EojRpZxKvuyGho2REQsMCvxcJw=="
    },
    "prisma": {
      "version": "4.8.1",
      "resolved": "https://registry.npmjs.org/prisma/-/prisma-4.8.1.tgz",
      "integrity": "sha512-ZMLnSjwulIeYfaU1O6/LF6PEJzxN5par5weykxMykS9Z6ara/j76JH3Yo2AH3bgJbPN4Z6NeCK9s5fDkzf33cg==",
      "requires": {
        "@prisma/engines": "4.8.1"
      }
    }
  }
}
